
Microsoft Visual Studio Solution File, Format Version 12.00
# Visual Studio Version 17
VisualStudioVersion = 17.11.35303.130
MinimumVisualStudioVersion = 10.0.40219.1
Project("{FAE04EC0-301F-11D3-BF4B-00C04F79EFBC}") = "call_data_microcervice", "call_data_microcervice\call_data_microcervice.csproj", "{68E6D341-4A36-4FC5-B62E-49CDA093EDA0}"
EndProject
Global
	GlobalSection(SolutionConfigurationPlatforms) = preSolution
		Debug|Any CPU = Debug|Any CPU
		Release|Any CPU = Release|Any CPU
	EndGlobalSection
	GlobalSection(ProjectConfigurationPlatforms) = postSolution
		{68E6D341-4A36-4FC5-B62E-49CDA093EDA0}.Debug|Any CPU.ActiveCfg = Debug|Any CPU
		{68E6D341-4A36-4FC5-B62E-49CDA093EDA0}.Debug|Any CPU.Build.0 = Debug|Any CPU
		{68E6D341-4A36-4FC5-B62E-49CDA093EDA0}.Release|Any CPU.ActiveCfg = Release|Any CPU
		{68E6D341-4A36-4FC5-B62E-49CDA093EDA0}.Release|Any CPU.Build.0 = Release|Any CPU
	EndGlobalSection
	GlobalSection(SolutionProperties) = preSolution
		HideSolutionNode = FALSE
	EndGlobalSection
	GlobalSection(ExtensibilityGlobals) = postSolution
		SolutionGuid = {FC21956F-60D3-45EC-A252-D189087E35BE}
	EndGlobalSection
EndGlobal
